
Microsoft Visual Studio Solution File, Format Version 12.00
Project("{FAE04EC0-301F-11D3-BF4B-00C04F79EFBC}") = "Notes", "Notes\Notes.csproj", "{CA2C25B0-36CD-4F7E-AD7F-379DBA868228}"
EndProject
Global
	GlobalSection(SolutionConfigurationPlatforms) = preSolution
		Debug|Any CPU = Debug|Any CPU
		Release|Any CPU = Release|Any CPU
	EndGlobalSection
	GlobalSection(ProjectConfigurationPlatforms) = postSolution
		{CA2C25B0-36CD-4F7E-AD7F-379DBA868228}.Debug|Any CPU.ActiveCfg = Debug|Any CPU
		{CA2C25B0-36CD-4F7E-AD7F-379DBA868228}.Debug|Any CPU.Build.0 = Debug|Any CPU
		{CA2C25B0-36CD-4F7E-AD7F-379DBA868228}.Release|Any CPU.ActiveCfg = Release|Any CPU
		{CA2C25B0-36CD-4F7E-AD7F-379DBA868228}.Release|Any CPU.Build.0 = Release|Any CPU
	EndGlobalSection
EndGlobal
